
Microsoft Visual Studio Solution File, Format Version 12.00
Project("{FAE04EC0-301F-11D3-BF4B-00C04F79EFBC}") = "Planner", "Planner\Planner.csproj", "{24C6CC76-3AF9-4FB2-9754-2E12CEE0C293}"
EndProject
Global
	GlobalSection(SolutionConfigurationPlatforms) = preSolution
		Debug|Any CPU = Debug|Any CPU
		Release|Any CPU = Release|Any CPU
	EndGlobalSection
	GlobalSection(ProjectConfigurationPlatforms) = postSolution
		{24C6CC76-3AF9-4FB2-9754-2E12CEE0C293}.Debug|Any CPU.ActiveCfg = Debug|Any CPU
		{24C6CC76-3AF9-4FB2-9754-2E12CEE0C293}.Debug|Any CPU.Build.0 = Debug|Any CPU
		{24C6CC76-3AF9-4FB2-9754-2E12CEE0C293}.Release|Any CPU.ActiveCfg = Release|Any CPU
		{24C6CC76-3AF9-4FB2-9754-2E12CEE0C293}.Release|Any CPU.Build.0 = Release|Any CPU
	EndGlobalSection
EndGlobal
